// !$*UTF8*$!
{
	archiveVersion = 1;
	classes = {
	};
	objectVersion = 48;
	objects = {

/* Begin PBXBuildFile section */
		83D6B54D21A19D2B00F13C25 /* AppDelegate.swift in Sources */ = {isa = PBXBuildFile; fileRef = 83D6B54C21A19D2B00F13C25 /* AppDelegate.swift */; };
		83D6B54F21A19D2B00F13C25 /* ViewController.swift in Sources */ = {isa = PBXBuildFile; fileRef = 83D6B54E21A19D2B00F13C25 /* ViewController.swift */; };
		83D6B55221A19D2B00F13C25 /* Main.storyboard in Resources */ = {isa = PBXBuildFile; fileRef = 83D6B55021A19D2B00F13C25 /* Main.storyboard */; };
		83D6B55421A19D2C00F13C25 /* Assets.xcassets in Resources */ = {isa = PBXBuildFile; fileRef = 83D6B55321A19D2C00F13C25 /* Assets.xcassets */; };
		83D6B55721A19D2C00F13C25 /* LaunchScreen.storyboard in Resources */ = {isa = PBXBuildFile; fileRef = 83D6B55521A19D2C00F13C25 /* LaunchScreen.storyboard */; };
		83D6B56221A19D2C00F13C25 /* multiple_collectionviewTests.swift in Sources */ = {isa = PBXBuildFile; fileRef = 83D6B56121A19D2C00F13C25 /* multiple_collectionviewTests.swift */; };
		83D6B56D21A19D2C00F13C25 /* multiple_collectionviewUITests.swift in Sources */ = {isa = PBXBuildFile; fileRef = 83D6B56C21A19D2C00F13C25 /* multiple_collectionviewUITests.swift */; };
		83D6B57E21A19EF900F13C25 /* image1CollectionViewCell.swift in Sources */ = {isa = PBXBuildFile; fileRef = 83D6B57D21A19EF900F13C25 /* image1CollectionViewCell.swift */; };
		83D6B58021A19F1400F13C25 /* image2CollectionViewCell.swift in Sources */ = {isa = PBXBuildFile; fileRef = 83D6B57F21A19F1400F13C25 /* image2CollectionViewCell.swift */; };
/* End PBXBuildFile section */

/* Begin PBXContainerItemProxy section */
		83D6B55E21A19D2C00F13C25 /* PBXContainerItemProxy */ = {
			isa = PBXContainerItemProxy;
			containerPortal = 83D6B54121A19D2B00F13C25 /* Project object */;
			proxyType = 1;
			remoteGlobalIDString = 83D6B54821A19D2B00F13C25;
			remoteInfo = "multiple collectionview";
		};
		83D6B56921A19D2C00F13C25 /* PBXContainerItemProxy */ = {
			isa = PBXContainerItemProxy;
			containerPortal = 83D6B54121A19D2B00F13C25 /* Project object */;
			proxyType = 1;
			remoteGlobalIDString = 83D6B54821A19D2B00F13C25;
			remoteInfo = "multiple collectionview";
		};
/* End PBXContainerItemProxy section */

/* Begin PBXFileReference section */
		83D6B54921A19D2B00F13C25 /* multiple collectionview.app */ = {isa = PBXFileReference; explicitFileType = wrapper.application; includeInIndex = 0; path = "multiple collectionview.app"; sourceTree = BUILT_PRODUCTS_DIR; };
		83D6B54C21A19D2B00F13C25 /* AppDelegate.swift */ = {isa = PBXFileReference; lastKnownFileType = sourcecode.swift; path = AppDelegate.swift; sourceTree = "<group>"; };
		83D6B54E21A19D2B00F13C25 /* ViewController.swift */ = {isa = PBXFileReference; lastKnownFileType = sourcecode.swift; path = ViewController.swift; sourceTree = "<group>"; };
		83D6B55121A19D2B00F13C25 /* Base */ = {isa = PBXFileReference; lastKnownFileType = file.storyboard; name = Base; path = Base.lproj/Main.storyboard; sourceTree = "<group>"; };
		83D6B55321A19D2C00F13C25 /* Assets.xcassets */ = {isa = PBXFileReference; lastKnownFileType = folder.assetcatalog; path = Assets.xcassets; sourceTree = "<group>"; };
		83D6B55621A19D2C00F13C25 /* Base */ = {isa = PBXFileReference; lastKnownFileType = file.storyboard; name = Base; path = Base.lproj/LaunchScreen.storyboard; sourceTree = "<group>"; };
		83D6B55821A19D2C00F13C25 /* Info.plist */ = {isa = PBXFileReference; lastKnownFileType = text.plist.xml; path = Info.plist; sourceTree = "<group>"; };
		83D6B55D21A19D2C00F13C25 /* multiple collectionviewTests.xctest */ = {isa = PBXFileReference; explicitFileType = wrapper.cfbundle; includeInIndex = 0; path = "multiple collectionviewTests.xctest"; sourceTree = BUILT_PRODUCTS_DIR; };
		83D6B56121A19D2C00F13C25 /* multiple_collectionviewTests.swift */ = {isa = PBXFileReference; lastKnownFileType = sourcecode.swift; path = multiple_collectionviewTests.swift; sourceTree = "<group>"; };
		83D6B56321A19D2C00F13C25 /* Info.plist */ = {isa = PBXFileReference; lastKnownFileType = text.plist.xml; path = Info.plist; sourceTree = "<group>"; };
		83D6B56821A19D2C00F13C25 /* multiple collectionviewUITests.xctest */ = {isa = PBXFileReference; explicitFileType = wrapper.cfbundle; includeInIndex = 0; path = "multiple collectionviewUITests.xctest"; sourceTree = BUILT_PRODUCTS_DIR; };
		83D6B56C21A19D2C00F13C25 /* multiple_collectionviewUITests.swift */ = {isa = PBXFileReference; lastKnownFileType = sourcecode.swift; path = multiple_collectionviewUITests.swift; sourceTree = "<group>"; };
		83D6B56E21A19D2C00F13C25 /* Info.plist */ = {isa = PBXFileReference; lastKnownFileType = text.plist.xml; path = Info.plist; sourceTree = "<group>"; };
		83D6B57D21A19EF900F13C25 /* image1CollectionViewCell.swift */ = {isa = PBXFileReference; lastKnownFileType = sourcecode.swift; path = image1CollectionViewCell.swift; sourceTree = "<group>"; };
		83D6B57F21A19F1400F13C25 /* image2CollectionViewCell.swift */ = {isa = PBXFileReference; lastKnownFileType = sourcecode.swift; path = image2CollectionViewCell.swift; sourceTree = "<group>"; };
/* End PBXFileReference section */

/* Begin PBXFrameworksBuildPhase section */
		83D6B54621A19D2B00F13C25 /* Frameworks */ = {
			isa = PBXFrameworksBuildPhase;
			buildActionMask = 2147483647;
			files = (
			);
			runOnlyForDeploymentPostprocessing = 0;
		};
		83D6B55A21A19D2C00F13C25 /* Frameworks */ = {
			isa = PBXFrameworksBuildPhase;
			buildActionMask = 2147483647;
			files = (
			);
			runOnlyForDeploymentPostprocessing = 0;
		};
		83D6B56521A19D2C00F13C25 /* Frameworks */ = {
			isa = PBXFrameworksBuildPhase;
			buildActionMask = 2147483647;
			files = (
			);
			runOnlyForDeploymentPostprocessing = 0;
		};
/* End PBXFrameworksBuildPhase section */

/* Begin PBXGroup section */
		83D6B54021A19D2B00F13C25 = {
			isa = PBXGroup;
			children = (
				83D6B54B21A19D2B00F13C25 /* multiple collectionview */,
				83D6B56021A19D2C00F13C25 /* multiple collectionviewTests */,
				83D6B56B21A19D2C00F13C25 /* multiple collectionviewUITests */,
				83D6B54A21A19D2B00F13C25 /* Products */,
			);
			sourceTree = "<group>";
		};
		83D6B54A21A19D2B00F13C25 /* Products */ = {
			isa = PBXGroup;
			children = (
				83D6B54921A19D2B00F13C25 /* multiple collectionview.app */,
				83D6B55D21A19D2C00F13C25 /* multiple collectionviewTests.xctest */,
				83D6B56821A19D2C00F13C25 /* multiple collectionviewUITests.xctest */,
			);
			name = Products;
			sourceTree = "<group>";
		};
		83D6B54B21A19D2B00F13C25 /* multiple collectionview */ = {
			isa = PBXGroup;
			children = (
				83D6B57C21A19E5B00F13C25 /* controller */,
				83D6B57B21A19E5200F13C25 /* view */,
				83D6B57A21A19E3D00F13C25 /* model */,
				83D6B54C21A19D2B00F13C25 /* AppDelegate.swift */,
				83D6B55021A19D2B00F13C25 /* Main.storyboard */,
				83D6B55321A19D2C00F13C25 /* Assets.xcassets */,
				83D6B55521A19D2C00F13C25 /* LaunchScreen.storyboard */,
				83D6B55821A19D2C00F13C25 /* Info.plist */,
			);
			path = "multiple collectionview";
			sourceTree = "<group>";
		};
		83D6B56021A19D2C00F13C25 /* multiple collectionviewTests */ = {
			isa = PBXGroup;
			children = (
				83D6B56121A19D2C00F13C25 /* multiple_collectionviewTests.swift */,
				83D6B56321A19D2C00F13C25 /* Info.plist */,
			);
			path = "multiple collectionviewTests";
			sourceTree = "<group>";
		};
		83D6B56B21A19D2C00F13C25 /* multiple collectionviewUITests */ = {
			isa = PBXGroup;
			children = (
				83D6B56C21A19D2C00F13C25 /* multiple_collectionviewUITests.swift */,
				83D6B56E21A19D2C00F13C25 /* Info.plist */,
			);
			path = "multiple collectionviewUITests";
			sourceTree = "<group>";
		};
		83D6B57A21A19E3D00F13C25 /* model */ = {
			isa = PBXGroup;
			children = (
			);
			path = model;
			sourceTree = "<group>";
		};
		83D6B57B21A19E5200F13C25 /* view */ = {
			isa = PBXGroup;
			children = (
				83D6B57D21A19EF900F13C25 /* image1CollectionViewCell.swift */,
				83D6B57F21A19F1400F13C25 /* image2CollectionViewCell.swift */,
			);
			path = view;
			sourceTree = "<group>";
		};
		83D6B57C21A19E5B00F13C25 /* controller */ = {
			isa = PBXGroup;
			children = (
				83D6B54E21A19D2B00F13C25 /* ViewController.swift */,
			);
			path = controller;
			sourceTree = "<group>";
		};
/* End PBXGroup section */

/* Begin PBXNativeTarget section */
		83D6B54821A19D2B00F13C25 /* multiple collectionview */ = {
			isa = PBXNativeTarget;
			buildConfigurationList = 83D6B57121A19D2C00F13C25 /* Build configuration list for PBXNativeTarget "multiple collectionview" */;
			buildPhases = (
				83D6B54521A19D2B00F13C25 /* Sources */,
				83D6B54621A19D2B00F13C25 /* Frameworks */,
				83D6B54721A19D2B00F13C25 /* Resources */,
			);
			buildRules = (
			);
			dependencies = (
			);
			name = "multiple collectionview";
			productName = "multiple collectionview";
			productReference = 83D6B54921A19D2B00F13C25 /* multiple collectionview.app */;
			productType = "com.apple.product-type.application";
		};
		83D6B55C21A19D2C00F13C25 /* multiple collectionviewTests */ = {
			isa = PBXNativeTarget;
			buildConfigurationList = 83D6B57421A19D2C00F13C25 /* Build configuration list for PBXNativeTarget "multiple collectionviewTests" */;
			buildPhases = (
				83D6B55921A19D2C00F13C25 /* Sources */,
				83D6B55A21A19D2C00F13C25 /* Frameworks */,
				83D6B55B21A19D2C00F13C25 /* Resources */,
			);
			buildRules = (
			);
			dependencies = (
				83D6B55F21A19D2C00F13C25 /* PBXTargetDependency */,
			);
			name = "multiple collectionviewTests";
			productName = "multiple collectionviewTests";
			productReference = 83D6B55D21A19D2C00F13C25 /* multiple collectionviewTests.xctest */;
			productType = "com.apple.product-type.bundle.unit-test";
		};
		83D6B56721A19D2C00F13C25 /* multiple collectionviewUITests */ = {
			isa = PBXNativeTarget;
			buildConfigurationList = 83D6B57721A19D2C00F13C25 /* Build configuration list for PBXNativeTarget "multiple collectionviewUITests" */;
			buildPhases = (
				83D6B56421A19D2C00F13C25 /* Sources */,
				83D6B56521A19D2C00F13C25 /* Frameworks */,
				83D6B56621A19D2C00F13C25 /* Resources */,
			);
			buildRules = (
			);
			dependencies = (
				83D6B56A21A19D2C00F13C25 /* PBXTargetDependency */,
			);
			name = "multiple collectionviewUITests";
			productName = "multiple collectionviewUITests";
			productReference = 83D6B56821A19D2C00F13C25 /* multiple collectionviewUITests.xctest */;
			productType = "com.apple.product-type.bundle.ui-testing";
		};
/* End PBXNativeTarget section */

/* Begin PBXProject section */
		83D6B54121A19D2B00F13C25 /* Project object */ = {
			isa = PBXProject;
			attributes = {
				LastSwiftUpdateCheck = 0900;
				LastUpgradeCheck = 0900;
				ORGANIZATIONNAME = "Ahmed abu elregal";
				TargetAttributes = {
					83D6B54821A19D2B00F13C25 = {
						CreatedOnToolsVersion = 9.0;
						ProvisioningStyle = Automatic;
					};
					83D6B55C21A19D2C00F13C25 = {
						CreatedOnToolsVersion = 9.0;
						ProvisioningStyle = Automatic;
						TestTargetID = 83D6B54821A19D2B00F13C25;
					};
					83D6B56721A19D2C00F13C25 = {
						CreatedOnToolsVersion = 9.0;
						ProvisioningStyle = Automatic;
						TestTargetID = 83D6B54821A19D2B00F13C25;
					};
				};
			};
			buildConfigurationList = 83D6B54421A19D2B00F13C25 /* Build configuration list for PBXProject "multiple collectionview" */;
			compatibilityVersion = "Xcode 8.0";
			developmentRegion = en;
			hasScannedForEncodings = 0;
			knownRegions = (
				en,
				Base,
			);
			mainGroup = 83D6B54021A19D2B00F13C25;
			productRefGroup = 83D6B54A21A19D2B00F13C25 /* Products */;
			projectDirPath = "";
			projectRoot = "";
			targets = (
				83D6B54821A19D2B00F13C25 /* multiple collectionview */,
				83D6B55C21A19D2C00F13C25 /* multiple collectionviewTests */,
				83D6B56721A19D2C00F13C25 /* multiple collectionviewUITests */,
			);
		};
/* End PBXProject section */

/* Begin PBXResourcesBuildPhase section */
		83D6B54721A19D2B00F13C25 /* Resources */ = {
			isa = PBXResourcesBuildPhase;
			buildActionMask = 2147483647;
			files = (
				83D6B55721A19D2C00F13C25 /* LaunchScreen.storyboard in Resources */,
				83D6B55421A19D2C00F13C25 /* Assets.xcassets in Resources */,
				83D6B55221A19D2B00F13C25 /* Main.storyboard in Resources */,
			);
			runOnlyForDeploymentPostprocessing = 0;
		};
		83D6B55B21A19D2C00F13C25 /* Resources */ = {
			isa = PBXResourcesBuildPhase;
			buildActionMask = 2147483647;
			files = (
			);
			runOnlyForDeploymentPostprocessing = 0;
		};
		83D6B56621A19D2C00F13C25 /* Resources */ = {
			isa = PBXResourcesBuildPhase;
			buildActionMask = 2147483647;
			files = (
			);
			runOnlyForDeploymentPostprocessing = 0;
		};
/* End PBXResourcesBuildPhase section */

/* Begin PBXSourcesBuildPhase section */
		83D6B54521A19D2B00F13C25 /* Sources */ = {
			isa = PBXSourcesBuildPhase;
			buildActionMask = 2147483647;
			files = (
				83D6B54F21A19D2B00F13C25 /* ViewController.swift in Sources */,
				83D6B58021A19F1400F13C25 /* image2CollectionViewCell.swift in Sources */,
				83D6B57E21A19EF900F13C25 /* image1CollectionViewCell.swift in Sources */,
				83D6B54D21A19D2B00F13C25 /* AppDelegate.swift in Sources */,
			);
			runOnlyForDeploymentPostprocessing = 0;
		};
		83D6B55921A19D2C00F13C25 /* Sources */ = {
			isa = PBXSourcesBuildPhase;
			buildActionMask = 2147483647;
			files = (
				83D6B56221A19D2C00F13C25 /* multiple_collectionviewTests.swift in Sources */,
			);
			runOnlyForDeploymentPostprocessing = 0;
		};
		83D6B56421A19D2C00F13C25 /* Sources */ = {
			isa = PBXSourcesBuildPhase;
			buildActionMask = 2147483647;
			files = (
				83D6B56D21A19D2C00F13C25 /* multiple_collectionviewUITests.swift in Sources */,
			);
			runOnlyForDeploymentPostprocessing = 0;
		};
/* End PBXSourcesBuildPhase section */

/* Begin PBXTargetDependency section */
		83D6B55F21A19D2C00F13C25 /* PBXTargetDependency */ = {
			isa = PBXTargetDependency;
			target = 83D6B54821A19D2B00F13C25 /* multiple collectionview */;
			targetProxy = 83D6B55E21A19D2C00F13C25 /* PBXContainerItemProxy */;
		};
		83D6B56A21A19D2C00F13C25 /* PBXTargetDependency */ = {
			isa = PBXTargetDependency;
			target = 83D6B54821A19D2B00F13C25 /* multiple collectionview */;
			targetProxy = 83D6B56921A19D2C00F13C25 /* PBXContainerItemProxy */;
		};
/* End PBXTargetDependency section */

/* Begin PBXVariantGroup section */
		83D6B55021A19D2B00F13C25 /* Main.storyboard */ = {
			isa = PBXVariantGroup;
			children = (
				83D6B55121A19D2B00F13C25 /* Base */,
			);
			name = Main.storyboard;
			sourceTree = "<group>";
		};
		83D6B55521A19D2C00F13C25 /* LaunchScreen.storyboard */ = {
			isa = PBXVariantGroup;
			children = (
				83D6B55621A19D2C00F13C25 /* Base */,
			);
			name = LaunchScreen.storyboard;
			sourceTree = "<group>";
		};
/* End PBXVariantGroup section */

/* Begin XCBuildConfiguration section */
		83D6B56F21A19D2C00F13C25 /* Debug */ = {
			isa = XCBuildConfiguration;
			buildSettings = {
				ALWAYS_SEARCH_USER_PATHS = NO;
				CLANG_ANALYZER_NONNULL = YES;
				CLANG_ANALYZER_NUMBER_OBJECT_CONVERSION = YES_AGGRESSIVE;
				CLANG_CXX_LANGUAGE_STANDARD = "gnu++14";
				CLANG_CXX_LIBRARY = "libc++";
				CLANG_ENABLE_MODULES = YES;
				CLANG_ENABLE_OBJC_ARC = YES;
				CLANG_WARN_BLOCK_CAPTURE_AUTORELEASING = YES;
				CLANG_WARN_BOOL_CONVERSION = YES;
				CLANG_WARN_COMMA = YES;
				CLANG_WARN_CONSTANT_CONVERSION = YES;
				CLANG_WARN_DIRECT_OBJC_ISA_USAGE = YES_ERROR;
				CLANG_WARN_DOCUMENTATION_COMMENTS = YES;
				CLANG_WARN_EMPTY_BODY = YES;
				CLANG_WARN_ENUM_CONVERSION = YES;
				CLANG_WARN_INFINITE_RECURSION = YES;
				CLANG_WARN_INT_CONVERSION = YES;
				CLANG_WARN_NON_LITERAL_NULL_CONVERSION = YES;
				CLANG_WARN_OBJC_LITERAL_CONVERSION = YES;
				CLANG_WARN_OBJC_ROOT_CLASS = YES_ERROR;
				CLANG_WARN_RANGE_LOOP_ANALYSIS = YES;
				CLANG_WARN_STRICT_PROTOTYPES = YES;
				CLANG_WARN_SUSPICIOUS_MOVE = YES;
				CLANG_WARN_UNGUARDED_AVAILABILITY = YES_AGGRESSIVE;
				CLANG_WARN_UNREACHABLE_CODE = YES;
				CLANG_WARN__DUPLICATE_METHOD_MATCH = YES;
				CODE_SIGN_IDENTITY = "iPhone Developer";
				COPY_PHASE_STRIP = NO;
				DEBUG_INFORMATION_FORMAT = dwarf;
				ENABLE_STRICT_OBJC_MSGSEND = YES;
				ENABLE_TESTABILITY = YES;
				GCC_C_LANGUAGE_STANDARD = gnu11;
				GCC_DYNAMIC_NO_PIC = NO;
				GCC_NO_COMMON_BLOCKS = YES;
				GCC_OPTIMIZATION_LEVEL = 0;
				GCC_PREPROCESSOR_DEFINITIONS = (
					"DEBUG=1",
					"$(inherited)",
				);
				GCC_WARN_64_TO_32_BIT_CONVERSION = YES;
				GCC_WARN_ABOUT_RETURN_TYPE = YES_ERROR;
				GCC_WARN_UNDECLARED_SELECTOR = YES;
				GCC_WARN_UNINITIALIZED_AUTOS = YES_AGGRESSIVE;
				GCC_WARN_UNUSED_FUNCTION = YES;
				GCC_WARN_UNUSED_VARIABLE = YES;
				IPHONEOS_DEPLOYMENT_TARGET = 11.0;
				MTL_ENABLE_DEBUG_INFO = YES;
				ONLY_ACTIVE_ARCH = YES;
				SDKROOT = iphoneos;
				SWIFT_ACTIVE_COMPILATION_CONDITIONS = DEBUG;
				SWIFT_OPTIMIZATION_LEVEL = "-Onone";
			};
			name = Debug;
		};
		83D6B57021A19D2C00F13C25 /* Release */ = {
			isa = XCBuildConfiguration;
			buildSettings = {
				ALWAYS_SEARCH_USER_PATHS = NO;
				CLANG_ANALYZER_NONNULL = YES;
				CLANG_ANALYZER_NUMBER_OBJECT_CONVERSION = YES_AGGRESSIVE;
				CLANG_CXX_LANGUAGE_STANDARD = "gnu++14";
				CLANG_CXX_LIBRARY = "libc++";
				CLANG_ENABLE_MODULES = YES;
				CLANG_ENABLE_OBJC_ARC = YES;
				CLANG_WARN_BLOCK_CAPTURE_AUTORELEASING = YES;
				CLANG_WARN_BOOL_CONVERSION = YES;
				CLANG_WARN_COMMA = YES;
				CLANG_WARN_CONSTANT_CONVERSION = YES;
				CLANG_WARN_DIRECT_OBJC_ISA_USAGE = YES_ERROR;
				CLANG_WARN_DOCUMENTATION_COMMENTS = YES;
				CLANG_WARN_EMPTY_BODY = YES;
				CLANG_WARN_ENUM_CONVERSION = YES;
				CLANG_WARN_INFINITE_RECURSION = YES;
				CLANG_WARN_INT_CONVERSION = YES;
				CLANG_WARN_NON_LITERAL_NULL_CONVERSION = YES;
				CLANG_WARN_OBJC_LITERAL_CONVERSION = YES;
				CLANG_WARN_OBJC_ROOT_CLASS = YES_ERROR;
				CLANG_WARN_RANGE_LOOP_ANALYSIS = YES;
				CLANG_WARN_STRICT_PROTOTYPES = YES;
				CLANG_WARN_SUSPICIOUS_MOVE = YES;
				CLANG_WARN_UNGUARDED_AVAILABILITY = YES_AGGRESSIVE;
				CLANG_WARN_UNREACHABLE_CODE = YES;
				CLANG_WARN__DUPLICATE_METHOD_MATCH = YES;
				CODE_SIGN_IDENTITY = "iPhone Developer";
				COPY_PHASE_STRIP = NO;
				DEBUG_INFORMATION_FORMAT = "dwarf-with-dsym";
				ENABLE_NS_ASSERTIONS = NO;
				ENABLE_STRICT_OBJC_MSGSEND = YES;
				GCC_C_LANGUAGE_STANDARD = gnu11;
				GCC_NO_COMMON_BLOCKS = YES;
				GCC_WARN_64_TO_32_BIT_CONVERSION = YES;
				GCC_WARN_ABOUT_RETURN_TYPE = YES_ERROR;
				GCC_WARN_UNDECLARED_SELECTOR = YES;
				GCC_WARN_UNINITIALIZED_AUTOS = YES_AGGRESSIVE;
				GCC_WARN_UNUSED_FUNCTION = YES;
				GCC_WARN_UNUSED_VARIABLE = YES;
				IPHONEOS_DEPLOYMENT_TARGET = 11.0;
				MTL_ENABLE_DEBUG_INFO = NO;
				SDKROOT = iphoneos;
				SWIFT_OPTIMIZATION_LEVEL = "-Owholemodule";
				VALIDATE_PRODUCT = YES;
			};
			name = Release;
		};
		83D6B57221A19D2C00F13C25 /* Debug */ = {
			isa = XCBuildConfiguration;
			buildSettings = {
				ASSETCATALOG_COMPILER_APPICON_NAME = AppIcon;
				CODE_SIGN_STYLE = Automatic;
				INFOPLIST_FILE = "multiple collectionview/Info.plist";
				LD_RUNPATH_SEARCH_PATHS = "$(inherited) @executable_path/Frameworks";
				PRODUCT_BUNDLE_IDENTIFIER = "multiple-collectionview.multiple-collectionview";
				PRODUCT_NAME = "$(TARGET_NAME)";
				SWIFT_VERSION = 4.0;
				TARGETED_DEVICE_FAMILY = "1,2";
			};
			name = Debug;
		};
		83D6B57321A19D2C00F13C25 /* Release */ = {
			isa = XCBuildConfiguration;
			buildSettings = {
				ASSETCATALOG_COMPILER_APPICON_NAME = AppIcon;
				CODE_SIGN_STYLE = Automatic;
				INFOPLIST_FILE = "multiple collectionview/Info.plist";
				LD_RUNPATH_SEARCH_PATHS = "$(inherited) @executable_path/Frameworks";
				PRODUCT_BUNDLE_IDENTIFIER = "multiple-collectionview.multiple-collectionview";
				PRODUCT_NAME = "$(TARGET_NAME)";
				SWIFT_VERSION = 4.0;
				TARGETED_DEVICE_FAMILY = "1,2";
			};
			name = Release;
		};
		83D6B57521A19D2C00F13C25 /* Debug */ = {
			isa = XCBuildConfiguration;
			buildSettings = {
				ALWAYS_EMBED_SWIFT_STANDARD_LIBRARIES = YES;
				BUNDLE_LOADER = "$(TEST_HOST)";
				CODE_SIGN_STYLE = Automatic;
				INFOPLIST_FILE = "multiple collectionviewTests/Info.plist";
				LD_RUNPATH_SEARCH_PATHS = "$(inherited) @executable_path/Frameworks @loader_path/Frameworks";
				PRODUCT_BUNDLE_IDENTIFIER = "multiple-collectionview.multiple-collectionviewTests";
				PRODUCT_NAME = "$(TARGET_NAME)";
				SWIFT_VERSION = 4.0;
				TARGETED_DEVICE_FAMILY = "1,2";
				TEST_HOST = "$(BUILT_PRODUCTS_DIR)/multiple collectionview.app/multiple collectionview";
			};
			name = Debug;
		};
		83D6B57621A19D2C00F13C25 /* Release */ = {
			isa = XCBuildConfiguration;
			buildSettings = {
				ALWAYS_EMBED_SWIFT_STANDARD_LIBRARIES = YES;
				BUNDLE_LOADER = "$(TEST_HOST)";
				CODE_SIGN_STYLE = Automatic;
				INFOPLIST_FILE = "multiple collectionviewTests/Info.plist";
				LD_RUNPATH_SEARCH_PATHS = "$(inherited) @executable_path/Frameworks @loader_path/Frameworks";
				PRODUCT_BUNDLE_IDENTIFIER = "multiple-collectionview.multiple-collectionviewTests";
				PRODUCT_NAME = "$(TARGET_NAME)";
				SWIFT_VERSION = 4.0;
				TARGETED_DEVICE_FAMILY = "1,2";
				TEST_HOST = "$(BUILT_PRODUCTS_DIR)/multiple collectionview.app/multiple collectionview";
			};
			name = Release;
		};
		83D6B57821A19D2C00F13C25 /* Debug */ = {
			isa = XCBuildConfiguration;
			buildSettings = {
				ALWAYS_EMBED_SWIFT_STANDARD_LIBRARIES = YES;
				CODE_SIGN_STYLE = Automatic;
				INFOPLIST_FILE = "multiple collectionviewUITests/Info.plist";
				LD_RUNPATH_SEARCH_PATHS = "$(inherited) @executable_path/Frameworks @loader_path/Frameworks";
				PRODUCT_BUNDLE_IDENTIFIER = "multiple-collectionview.multiple-collectionviewUITests";
				PRODUCT_NAME = "$(TARGET_NAME)";
				SWIFT_VERSION = 4.0;
				TARGETED_DEVICE_FAMILY = "1,2";
				TEST_TARGET_NAME = "multiple collectionview";
			};
			name = Debug;
		};
		83D6B57921A19D2C00F13C25 /* Release */ = {
			isa = XCBuildConfiguration;
			buildSettings = {
				ALWAYS_EMBED_SWIFT_STANDARD_LIBRARIES = YES;
				CODE_SIGN_STYLE = Automatic;
				INFOPLIST_FILE = "multiple collectionviewUITests/Info.plist";
				LD_RUNPATH_SEARCH_PATHS = "$(inherited) @executable_path/Frameworks @loader_path/Frameworks";
				PRODUCT_BUNDLE_IDENTIFIER = "multiple-collectionview.multiple-collectionviewUITests";
				PRODUCT_NAME = "$(TARGET_NAME)";
				SWIFT_VERSION = 4.0;
				TARGETED_DEVICE_FAMILY = "1,2";
				TEST_TARGET_NAME = "multiple collectionview";
			};
			name = Release;
		};
/* End XCBuildConfiguration section */

/* Begin XCConfigurationList section */
		83D6B54421A19D2B00F13C25 /* Build configuration list for PBXProject "multiple collectionview" */ = {
			isa = XCConfigurationList;
			buildConfigurations = (
				83D6B56F21A19D2C00F13C25 /* Debug */,
				83D6B57021A19D2C00F13C25 /* Release */,
			);
			defaultConfigurationIsVisible = 0;
			defaultConfigurationName = Release;
		};
		83D6B57121A19D2C00F13C25 /* Build configuration list for PBXNativeTarget "multiple collectionview" */ = {
			isa = XCConfigurationList;
			buildConfigurations = (
				83D6B57221A19D2C00F13C25 /* Debug */,
				83D6B57321A19D2C00F13C25 /* Release */,
			);
			defaultConfigurationIsVisible = 0;
			defaultConfigurationName = Release;
		};
		83D6B57421A19D2C00F13C25 /* Build configuration list for PBXNativeTarget "multiple collectionviewTests" */ = {
			isa = XCConfigurationList;
			buildConfigurations = (
				83D6B57521A19D2C00F13C25 /* Debug */,
				83D6B57621A19D2C00F13C25 /* Release */,
			);
			defaultConfigurationIsVisible = 0;
			defaultConfigurationName = Release;
		};
		83D6B57721A19D2C00F13C25 /* Build configuration list for PBXNativeTarget "multiple collectionviewUITests" */ = {
			isa = XCConfigurationList;
			buildConfigurations = (
				83D6B57821A19D2C00F13C25 /* Debug */,
				83D6B57921A19D2C00F13C25 /* Release */,
			);
			defaultConfigurationIsVisible = 0;
			defaultConfigurationName = Release;
		};
/* End XCConfigurationList section */
	};
	rootObject = 83D6B54121A19D2B00F13C25 /* Project object */;
}
